
Microsoft Visual Studio Solution File, Format Version 12.00
# Visual Studio Version 16
VisualStudioVersion = 16.0.29418.71
MinimumVisualStudioVersion = 10.0.40219.1
Project("{888888A0-9F3D-457C-B088-3A5042F75D52}") = "TMProject1", "TMProject1\TMProject1.pyproj", "{44FCF5A6-A454-4B65-B6E1-513EB0FDDA29}"
EndProject
Global
	GlobalSection(SolutionConfigurationPlatforms) = preSolution
		Debug|Any CPU = Debug|Any CPU
		Release|Any CPU = Release|Any CPU
	EndGlobalSection
	GlobalSection(ProjectConfigurationPlatforms) = postSolution
		{44FCF5A6-A454-4B65-B6E1-513EB0FDDA29}.Debug|Any CPU.ActiveCfg = Debug|Any CPU
		{44FCF5A6-A454-4B65-B6E1-513EB0FDDA29}.Release|Any CPU.ActiveCfg = Release|Any CPU
	EndGlobalSection
	GlobalSection(SolutionProperties) = preSolution
		HideSolutionNode = FALSE
	EndGlobalSection
	GlobalSection(ExtensibilityGlobals) = postSolution
		SolutionGuid = {D8EC28C5-0FBB-4F68-8D97-DB200A1248AF}
	EndGlobalSection
EndGlobal
